// !$*UTF8*$!
{
	archiveVersion = 1;
	classes = {
	};
	objectVersion = 52;
	objects = {

/* Begin PBXBuildFile section */
		1238AF1523BEDE1F0005188D /* DateFormatters.swift in Sources */ = {isa = PBXBuildFile; fileRef = 1238AF1423BEDE1F0005188D /* DateFormatters.swift */; };
		126BA20623B87BAF00060108 /* AppDelegate.swift in Sources */ = {isa = PBXBuildFile; fileRef = 126BA20523B87BAF00060108 /* AppDelegate.swift */; };
		126BA20823B87BAF00060108 /* SceneDelegate.swift in Sources */ = {isa = PBXBuildFile; fileRef = 126BA20723B87BAF00060108 /* SceneDelegate.swift */; };
		126BA20F23B87BB100060108 /* Assets.xcassets in Resources */ = {isa = PBXBuildFile; fileRef = 126BA20E23B87BB100060108 /* Assets.xcassets */; };
		126BA21223B87BB100060108 /* LaunchScreen.storyboard in Resources */ = {isa = PBXBuildFile; fileRef = 126BA21023B87BB100060108 /* LaunchScreen.storyboard */; };
		126BA21A23B87BD000060108 /* MediaCVC.swift in Sources */ = {isa = PBXBuildFile; fileRef = 126BA21923B87BD000060108 /* MediaCVC.swift */; };
		126BA21C23B87C8000060108 /* MediaCell.swift in Sources */ = {isa = PBXBuildFile; fileRef = 126BA21B23B87C8000060108 /* MediaCell.swift */; };
		126BA22123B87CC400060108 /* Extensions.swift in Sources */ = {isa = PBXBuildFile; fileRef = 126BA22023B87CC400060108 /* Extensions.swift */; };
		126BA22323B88C1000060108 /* Model.swift in Sources */ = {isa = PBXBuildFile; fileRef = 126BA22223B88C1000060108 /* Model.swift */; };
		126BA22523B90E0900060108 /* TMDbManager.swift in Sources */ = {isa = PBXBuildFile; fileRef = 126BA22423B90E0900060108 /* TMDbManager.swift */; };
		1273A0DA23C5731F008501E4 /* CloseBtn.swift in Sources */ = {isa = PBXBuildFile; fileRef = 1273A0D923C5731F008501E4 /* CloseBtn.swift */; };
		129A578D23C432190042F258 /* SearchVC.swift in Sources */ = {isa = PBXBuildFile; fileRef = 129A578C23C432190042F258 /* SearchVC.swift */; };
		129A578F23C44D260042F258 /* SearchCell.swift in Sources */ = {isa = PBXBuildFile; fileRef = 129A578E23C44D260042F258 /* SearchCell.swift */; };
		12AAAF5F23BD7D97002ED0D0 /* SectionHeader.swift in Sources */ = {isa = PBXBuildFile; fileRef = 12AAAF5E23BD7D96002ED0D0 /* SectionHeader.swift */; };
		12BC959D24A9A01000E72A6E /* QuickActions.swift in Sources */ = {isa = PBXBuildFile; fileRef = 12BC959C24A9A01000E72A6E /* QuickActions.swift */; };
		12BCE60623C052B50005CF21 /* SearchButton.swift in Sources */ = {isa = PBXBuildFile; fileRef = 12BCE60523C052B50005CF21 /* SearchButton.swift */; };
		12C64F5523C24F7B00220676 /* ReleaseDateSV.swift in Sources */ = {isa = PBXBuildFile; fileRef = 12C64F5423C24F7B00220676 /* ReleaseDateSV.swift */; };
		12C8360323C11D79002817C0 /* MovieDetailVC.swift in Sources */ = {isa = PBXBuildFile; fileRef = 12C8360223C11D79002817C0 /* MovieDetailVC.swift */; };
		12FF0C3E23C3B8C7003C0256 /* Kingfisher in Frameworks */ = {isa = PBXBuildFile; productRef = 12FF0C3D23C3B8C7003C0256 /* Kingfisher */; };
		12FF0C4023C3B8C7003C0256 /* KingfisherSwiftUI in Frameworks */ = {isa = PBXBuildFile; productRef = 12FF0C3F23C3B8C7003C0256 /* KingfisherSwiftUI */; };
		579078E327417E9800FFBE6D /* APIKey.swift in Sources */ = {isa = PBXBuildFile; fileRef = 579078E227417E9800FFBE6D /* APIKey.swift */; };
/* End PBXBuildFile section */

/* Begin PBXFileReference section */
		1238AF1423BEDE1F0005188D /* DateFormatters.swift */ = {isa = PBXFileReference; lastKnownFileType = sourcecode.swift; path = DateFormatters.swift; sourceTree = "<group>"; };
		1260777E24A91A9500C60EC1 /* Date Testing.playground */ = {isa = PBXFileReference; lastKnownFileType = file.playground; path = "Date Testing.playground"; sourceTree = "<group>"; xcLanguageSpecificationIdentifier = xcode.lang.swift; };
		126BA20223B87BAF00060108 /* TheMovieApp.app */ = {isa = PBXFileReference; explicitFileType = wrapper.application; includeInIndex = 0; path = TheMovieApp.app; sourceTree = BUILT_PRODUCTS_DIR; };
		126BA20523B87BAF00060108 /* AppDelegate.swift */ = {isa = PBXFileReference; lastKnownFileType = sourcecode.swift; path = AppDelegate.swift; sourceTree = "<group>"; };
		126BA20723B87BAF00060108 /* SceneDelegate.swift */ = {isa = PBXFileReference; lastKnownFileType = sourcecode.swift; path = SceneDelegate.swift; sourceTree = "<group>"; };
		126BA20E23B87BB100060108 /* Assets.xcassets */ = {isa = PBXFileReference; lastKnownFileType = folder.assetcatalog; path = Assets.xcassets; sourceTree = "<group>"; };
		126BA21123B87BB100060108 /* Base */ = {isa = PBXFileReference; lastKnownFileType = file.storyboard; name = Base; path = Base.lproj/LaunchScreen.storyboard; sourceTree = "<group>"; };
		126BA21323B87BB100060108 /* Info.plist */ = {isa = PBXFileReference; lastKnownFileType = text.plist.xml; path = Info.plist; sourceTree = "<group>"; };
		126BA21923B87BD000060108 /* MediaCVC.swift */ = {isa = PBXFileReference; lastKnownFileType = sourcecode.swift; path = MediaCVC.swift; sourceTree = "<group>"; };
		126BA21B23B87C8000060108 /* MediaCell.swift */ = {isa = PBXFileReference; lastKnownFileType = sourcecode.swift; path = MediaCell.swift; sourceTree = "<group>"; };
		126BA22023B87CC400060108 /* Extensions.swift */ = {isa = PBXFileReference; lastKnownFileType = sourcecode.swift; path = Extensions.swift; sourceTree = "<group>"; };
		126BA22223B88C1000060108 /* Model.swift */ = {isa = PBXFileReference; lastKnownFileType = sourcecode.swift; path = Model.swift; sourceTree = "<group>"; };
		126BA22423B90E0900060108 /* TMDbManager.swift */ = {isa = PBXFileReference; lastKnownFileType = sourcecode.swift; path = TMDbManager.swift; sourceTree = "<group>"; };
		1273A0D923C5731F008501E4 /* CloseBtn.swift */ = {isa = PBXFileReference; lastKnownFileType = sourcecode.swift; path = CloseBtn.swift; sourceTree = "<group>"; };
		129A578C23C432190042F258 /* SearchVC.swift */ = {isa = PBXFileReference; lastKnownFileType = sourcecode.swift; path = SearchVC.swift; sourceTree = "<group>"; };
		129A578E23C44D260042F258 /* SearchCell.swift */ = {isa = PBXFileReference; lastKnownFileType = sourcecode.swift; path = SearchCell.swift; sourceTree = "<group>"; };
		12AAAF5E23BD7D96002ED0D0 /* SectionHeader.swift */ = {isa = PBXFileReference; fileEncoding = 4; lastKnownFileType = sourcecode.swift; path = SectionHeader.swift; sourceTree = "<group>"; };
		12BC959A24A9614A00E72A6E /* DecodeMovieJSON.playground */ = {isa = PBXFileReference; lastKnownFileType = file.playground; path = DecodeMovieJSON.playground; sourceTree = "<group>"; xcLanguageSpecificationIdentifier = xcode.lang.swift; };
		12BC959B24A981AD00E72A6E /* Decode Upcoming.playground */ = {isa = PBXFileReference; lastKnownFileType = file.playground; path = "Decode Upcoming.playground"; sourceTree = "<group>"; xcLanguageSpecificationIdentifier = xcode.lang.swift; };
		12BC959C24A9A01000E72A6E /* QuickActions.swift */ = {isa = PBXFileReference; lastKnownFileType = sourcecode.swift; path = QuickActions.swift; sourceTree = "<group>"; };
		12BCE60523C052B50005CF21 /* SearchButton.swift */ = {isa = PBXFileReference; lastKnownFileType = sourcecode.swift; path = SearchButton.swift; sourceTree = "<group>"; };
		12C64F5423C24F7B00220676 /* ReleaseDateSV.swift */ = {isa = PBXFileReference; lastKnownFileType = sourcecode.swift; path = ReleaseDateSV.swift; sourceTree = "<group>"; };
		12C8360223C11D79002817C0 /* MovieDetailVC.swift */ = {isa = PBXFileReference; lastKnownFileType = sourcecode.swift; path = MovieDetailVC.swift; sourceTree = "<group>"; };
		579078E227417E9800FFBE6D /* APIKey.swift */ = {isa = PBXFileReference; fileEncoding = 4; lastKnownFileType = sourcecode.swift; path = APIKey.swift; sourceTree = "<group>"; };
/* End PBXFileReference section */

/* Begin PBXFrameworksBuildPhase section */
		126BA1FF23B87BAF00060108 /* Frameworks */ = {
			isa = PBXFrameworksBuildPhase;
			buildActionMask = 2147483647;
			files = (
				12FF0C4023C3B8C7003C0256 /* KingfisherSwiftUI in Frameworks */,
				12FF0C3E23C3B8C7003C0256 /* Kingfisher in Frameworks */,
			);
			runOnlyForDeploymentPostprocessing = 0;
		};
/* End PBXFrameworksBuildPhase section */

/* Begin PBXGroup section */
		1260777924A9180000C60EC1 /* Controllers */ = {
			isa = PBXGroup;
			children = (
				126BA21923B87BD000060108 /* MediaCVC.swift */,
				12C8360223C11D79002817C0 /* MovieDetailVC.swift */,
				129A578C23C432190042F258 /* SearchVC.swift */,
			);
			path = Controllers;
			sourceTree = "<group>";
		};
		1260777A24A9180700C60EC1 /* Model */ = {
			isa = PBXGroup;
			children = (
				126BA22223B88C1000060108 /* Model.swift */,
			);
			path = Model;
			sourceTree = "<group>";
		};
		1260777B24A9182300C60EC1 /* Cell */ = {
			isa = PBXGroup;
			children = (
				126BA21B23B87C8000060108 /* MediaCell.swift */,
				129A578E23C44D260042F258 /* SearchCell.swift */,
			);
			path = Cell;
			sourceTree = "<group>";
		};
		1260777C24A9184400C60EC1 /* Networking */ = {
			isa = PBXGroup;
			children = (
				126BA22423B90E0900060108 /* TMDbManager.swift */,
				579078E227417E9800FFBE6D /* APIKey.swift */,
			);
			path = Networking;
			sourceTree = "<group>";
		};
		1260777D24A91A7A00C60EC1 /* Playgrounds */ = {
			isa = PBXGroup;
			children = (
				12BC959B24A981AD00E72A6E /* Decode Upcoming.playground */,
				12BC959A24A9614A00E72A6E /* DecodeMovieJSON.playground */,
				1260777E24A91A9500C60EC1 /* Date Testing.playground */,
			);
			path = Playgrounds;
			sourceTree = "<group>";
		};
		126BA1F923B87BAF00060108 = {
			isa = PBXGroup;
			children = (
				126BA20423B87BAF00060108 /* TheMovieApp */,
				126BA20323B87BAF00060108 /* Products */,
			);
			sourceTree = "<group>";
		};
		126BA20323B87BAF00060108 /* Products */ = {
			isa = PBXGroup;
			children = (
				126BA20223B87BAF00060108 /* TheMovieApp.app */,
			);
			name = Products;
			sourceTree = "<group>";
		};
		126BA20423B87BAF00060108 /* TheMovieApp */ = {
			isa = PBXGroup;
			children = (
				1260777D24A91A7A00C60EC1 /* Playgrounds */,
				1260777C24A9184400C60EC1 /* Networking */,
				1260777A24A9180700C60EC1 /* Model */,
				12C64F5623C24F7F00220676 /* Views */,
				1260777924A9180000C60EC1 /* Controllers */,
				126BA20523B87BAF00060108 /* AppDelegate.swift */,
				126BA20723B87BAF00060108 /* SceneDelegate.swift */,
				126BA20E23B87BB100060108 /* Assets.xcassets */,
				126BA21023B87BB100060108 /* LaunchScreen.storyboard */,
				126BA21323B87BB100060108 /* Info.plist */,
				126BA22023B87CC400060108 /* Extensions.swift */,
				1238AF1423BEDE1F0005188D /* DateFormatters.swift */,
				12BC959C24A9A01000E72A6E /* QuickActions.swift */,
			);
			path = TheMovieApp;
			sourceTree = "<group>";
		};
		12C64F5623C24F7F00220676 /* Views */ = {
			isa = PBXGroup;
			children = (
				1260777B24A9182300C60EC1 /* Cell */,
				12C64F5423C24F7B00220676 /* ReleaseDateSV.swift */,
				12BCE60523C052B50005CF21 /* SearchButton.swift */,
				12AAAF5E23BD7D96002ED0D0 /* SectionHeader.swift */,
				1273A0D923C5731F008501E4 /* CloseBtn.swift */,
			);
			path = Views;
			sourceTree = "<group>";
		};
/* End PBXGroup section */

/* Begin PBXNativeTarget section */
		126BA20123B87BAF00060108 /* TheMovieApp */ = {
			isa = PBXNativeTarget;
			buildConfigurationList = 126BA21623B87BB100060108 /* Build configuration list for PBXNativeTarget "TheMovieApp" */;
			buildPhases = (
				126BA1FE23B87BAF00060108 /* Sources */,
				126BA1FF23B87BAF00060108 /* Frameworks */,
				126BA20023B87BAF00060108 /* Resources */,
			);
			buildRules = (
			);
			dependencies = (
			);
			name = TheMovieApp;
			packageProductDependencies = (
				12FF0C3D23C3B8C7003C0256 /* Kingfisher */,
				12FF0C3F23C3B8C7003C0256 /* KingfisherSwiftUI */,
			);
			productName = TheMovieApp;
			productReference = 126BA20223B87BAF00060108 /* TheMovieApp.app */;
			productType = "com.apple.product-type.application";
		};
/* End PBXNativeTarget section */

/* Begin PBXProject section */
		126BA1FA23B87BAF00060108 /* Project object */ = {
			isa = PBXProject;
			attributes = {
				LastSwiftUpdateCheck = 1130;
				LastUpgradeCheck = 1200;
				ORGANIZATIONNAME = "Josh R";
				TargetAttributes = {
					126BA20123B87BAF00060108 = {
						CreatedOnToolsVersion = 11.3;
					};
				};
			};
			buildConfigurationList = 126BA1FD23B87BAF00060108 /* Build configuration list for PBXProject "TheMovieApp" */;
			compatibilityVersion = "Xcode 9.3";
			developmentRegion = en;
			hasScannedForEncodings = 0;
			knownRegions = (
				en,
				Base,
			);
			mainGroup = 126BA1F923B87BAF00060108;
			packageReferences = (
				12FF0C3C23C3B8C7003C0256 /* XCRemoteSwiftPackageReference "Kingfisher" */,
			);
			productRefGroup = 126BA20323B87BAF00060108 /* Products */;
			projectDirPath = "";
			projectRoot = "";
			targets = (
				126BA20123B87BAF00060108 /* TheMovieApp */,
			);
		};
/* End PBXProject section */

/* Begin PBXResourcesBuildPhase section */
		126BA20023B87BAF00060108 /* Resources */ = {
			isa = PBXResourcesBuildPhase;
			buildActionMask = 2147483647;
			files = (
				126BA21223B87BB100060108 /* LaunchScreen.storyboard in Resources */,
				126BA20F23B87BB100060108 /* Assets.xcassets in Resources */,
			);
			runOnlyForDeploymentPostprocessing = 0;
		};
/* End PBXResourcesBuildPhase section */

/* Begin PBXSourcesBuildPhase section */
		126BA1FE23B87BAF00060108 /* Sources */ = {
			isa = PBXSourcesBuildPhase;
			buildActionMask = 2147483647;
			files = (
				126BA22123B87CC400060108 /* Extensions.swift in Sources */,
				129A578F23C44D260042F258 /* SearchCell.swift in Sources */,
				126BA21A23B87BD000060108 /* MediaCVC.swift in Sources */,
				1273A0DA23C5731F008501E4 /* CloseBtn.swift in Sources */,
				126BA20623B87BAF00060108 /* AppDelegate.swift in Sources */,
				126BA22323B88C1000060108 /* Model.swift in Sources */,
				126BA21C23B87C8000060108 /* MediaCell.swift in Sources */,
				12AAAF5F23BD7D97002ED0D0 /* SectionHeader.swift in Sources */,
				129A578D23C432190042F258 /* SearchVC.swift in Sources */,
				1238AF1523BEDE1F0005188D /* DateFormatters.swift in Sources */,
				12C8360323C11D79002817C0 /* MovieDetailVC.swift in Sources */,
				12C64F5523C24F7B00220676 /* ReleaseDateSV.swift in Sources */,
				12BCE60623C052B50005CF21 /* SearchButton.swift in Sources */,
				12BC959D24A9A01000E72A6E /* QuickActions.swift in Sources */,
				126BA20823B87BAF00060108 /* SceneDelegate.swift in Sources */,
				126BA22523B90E0900060108 /* TMDbManager.swift in Sources */,
				579078E327417E9800FFBE6D /* APIKey.swift in Sources */,
			);
			runOnlyForDeploymentPostprocessing = 0;
		};
/* End PBXSourcesBuildPhase section */

/* Begin PBXVariantGroup section */
		126BA21023B87BB100060108 /* LaunchScreen.storyboard */ = {
			isa = PBXVariantGroup;
			children = (
				126BA21123B87BB100060108 /* Base */,
			);
			name = LaunchScreen.storyboard;
			sourceTree = "<group>";
		};
/* End PBXVariantGroup section */

/* Begin XCBuildConfiguration section */
		126BA21423B87BB100060108 /* Debug */ = {
			isa = XCBuildConfiguration;
			buildSettings = {
				ALWAYS_SEARCH_USER_PATHS = NO;
				CLANG_ANALYZER_NONNULL = YES;
				CLANG_ANALYZER_NUMBER_OBJECT_CONVERSION = YES_AGGRESSIVE;
				CLANG_CXX_LANGUAGE_STANDARD = "gnu++14";
				CLANG_CXX_LIBRARY = "libc++";
				CLANG_ENABLE_MODULES = YES;
				CLANG_ENABLE_OBJC_ARC = YES;
				CLANG_ENABLE_OBJC_WEAK = YES;
				CLANG_WARN_BLOCK_CAPTURE_AUTORELEASING = YES;
				CLANG_WARN_BOOL_CONVERSION = YES;
				CLANG_WARN_COMMA = YES;
				CLANG_WARN_CONSTANT_CONVERSION = YES;
				CLANG_WARN_DEPRECATED_OBJC_IMPLEMENTATIONS = YES;
				CLANG_WARN_DIRECT_OBJC_ISA_USAGE = YES_ERROR;
				CLANG_WARN_DOCUMENTATION_COMMENTS = YES;
				CLANG_WARN_EMPTY_BODY = YES;
				CLANG_WARN_ENUM_CONVERSION = YES;
				CLANG_WARN_INFINITE_RECURSION = YES;
				CLANG_WARN_INT_CONVERSION = YES;
				CLANG_WARN_NON_LITERAL_NULL_CONVERSION = YES;
				CLANG_WARN_OBJC_IMPLICIT_RETAIN_SELF = YES;
				CLANG_WARN_OBJC_LITERAL_CONVERSION = YES;
				CLANG_WARN_OBJC_ROOT_CLASS = YES_ERROR;
				CLANG_WARN_QUOTED_INCLUDE_IN_FRAMEWORK_HEADER = YES;
				CLANG_WARN_RANGE_LOOP_ANALYSIS = YES;
				CLANG_WARN_STRICT_PROTOTYPES = YES;
				CLANG_WARN_SUSPICIOUS_MOVE = YES;
				CLANG_WARN_UNGUARDED_AVAILABILITY = YES_AGGRESSIVE;
				CLANG_WARN_UNREACHABLE_CODE = YES;
				CLANG_WARN__DUPLICATE_METHOD_MATCH = YES;
				COPY_PHASE_STRIP = NO;
				DEBUG_INFORMATION_FORMAT = dwarf;
				ENABLE_STRICT_OBJC_MSGSEND = YES;
				ENABLE_TESTABILITY = YES;
				GCC_C_LANGUAGE_STANDARD = gnu11;
				GCC_DYNAMIC_NO_PIC = NO;
				GCC_NO_COMMON_BLOCKS = YES;
				GCC_OPTIMIZATION_LEVEL = 0;
				GCC_PREPROCESSOR_DEFINITIONS = (
					"DEBUG=1",
					"$(inherited)",
				);
				GCC_WARN_64_TO_32_BIT_CONVERSION = YES;
				GCC_WARN_ABOUT_RETURN_TYPE = YES_ERROR;
				GCC_WARN_UNDECLARED_SELECTOR = YES;
				GCC_WARN_UNINITIALIZED_AUTOS = YES_AGGRESSIVE;
				GCC_WARN_UNUSED_FUNCTION = YES;
				GCC_WARN_UNUSED_VARIABLE = YES;
				IPHONEOS_DEPLOYMENT_TARGET = 13.2;
				MTL_ENABLE_DEBUG_INFO = INCLUDE_SOURCE;
				MTL_FAST_MATH = YES;
				ONLY_ACTIVE_ARCH = YES;
				SDKROOT = iphoneos;
				SWIFT_ACTIVE_COMPILATION_CONDITIONS = DEBUG;
				SWIFT_OPTIMIZATION_LEVEL = "-Onone";
			};
			name = Debug;
		};
		126BA21523B87BB100060108 /* Release */ = {
			isa = XCBuildConfiguration;
			buildSettings = {
				ALWAYS_SEARCH_USER_PATHS = NO;
				CLANG_ANALYZER_NONNULL = YES;
				CLANG_ANALYZER_NUMBER_OBJECT_CONVERSION = YES_AGGRESSIVE;
				CLANG_CXX_LANGUAGE_STANDARD = "gnu++14";
				CLANG_CXX_LIBRARY = "libc++";
				CLANG_ENABLE_MODULES = YES;
				CLANG_ENABLE_OBJC_ARC = YES;
				CLANG_ENABLE_OBJC_WEAK = YES;
				CLANG_WARN_BLOCK_CAPTURE_AUTORELEASING = YES;
				CLANG_WARN_BOOL_CONVERSION = YES;
				CLANG_WARN_COMMA = YES;
				CLANG_WARN_CONSTANT_CONVERSION = YES;
				CLANG_WARN_DEPRECATED_OBJC_IMPLEMENTATIONS = YES;
				CLANG_WARN_DIRECT_OBJC_ISA_USAGE = YES_ERROR;
				CLANG_WARN_DOCUMENTATION_COMMENTS = YES;
				CLANG_WARN_EMPTY_BODY = YES;
				CLANG_WARN_ENUM_CONVERSION = YES;
				CLANG_WARN_INFINITE_RECURSION = YES;
				CLANG_WARN_INT_CONVERSION = YES;
				CLANG_WARN_NON_LITERAL_NULL_CONVERSION = YES;
				CLANG_WARN_OBJC_IMPLICIT_RETAIN_SELF = YES;
				CLANG_WARN_OBJC_LITERAL_CONVERSION = YES;
				CLANG_WARN_OBJC_ROOT_CLASS = YES_ERROR;
				CLANG_WARN_QUOTED_INCLUDE_IN_FRAMEWORK_HEADER = YES;
				CLANG_WARN_RANGE_LOOP_ANALYSIS = YES;
				CLANG_WARN_STRICT_PROTOTYPES = YES;
				CLANG_WARN_SUSPICIOUS_MOVE = YES;
				CLANG_WARN_UNGUARDED_AVAILABILITY = YES_AGGRESSIVE;
				CLANG_WARN_UNREACHABLE_CODE = YES;
				CLANG_WARN__DUPLICATE_METHOD_MATCH = YES;
				COPY_PHASE_STRIP = NO;
				DEBUG_INFORMATION_FORMAT = "dwarf-with-dsym";
				ENABLE_NS_ASSERTIONS = NO;
				ENABLE_STRICT_OBJC_MSGSEND = YES;
				GCC_C_LANGUAGE_STANDARD = gnu11;
				GCC_NO_COMMON_BLOCKS = YES;
				GCC_WARN_64_TO_32_BIT_CONVERSION = YES;
				GCC_WARN_ABOUT_RETURN_TYPE = YES_ERROR;
				GCC_WARN_UNDECLARED_SELECTOR = YES;
				GCC_WARN_UNINITIALIZED_AUTOS = YES_AGGRESSIVE;
				GCC_WARN_UNUSED_FUNCTION = YES;
				GCC_WARN_UNUSED_VARIABLE = YES;
				IPHONEOS_DEPLOYMENT_TARGET = 13.2;
				MTL_ENABLE_DEBUG_INFO = NO;
				MTL_FAST_MATH = YES;
				SDKROOT = iphoneos;
				SWIFT_COMPILATION_MODE = wholemodule;
				SWIFT_OPTIMIZATION_LEVEL = "-O";
				VALIDATE_PRODUCT = YES;
			};
			name = Release;
		};
		126BA21723B87BB100060108 /* Debug */ = {
			isa = XCBuildConfiguration;
			buildSettings = {
				ASSETCATALOG_COMPILER_APPICON_NAME = AppIcon;
				CODE_SIGN_STYLE = Automatic;
				DEVELOPMENT_TEAM = C66Y3DM74C;
				INFOPLIST_FILE = TheMovieApp/Info.plist;
				LD_RUNPATH_SEARCH_PATHS = (
					"$(inherited)",
					"@executable_path/Frameworks",
				);
				PRODUCT_BUNDLE_IDENTIFIER = com.joshr.TheMovieApp;
				PRODUCT_NAME = "$(TARGET_NAME)";
				SWIFT_VERSION = 5.0;
				TARGETED_DEVICE_FAMILY = "1,2";
			};
			name = Debug;
		};
		126BA21823B87BB100060108 /* Release */ = {
			isa = XCBuildConfiguration;
			buildSettings = {
				ASSETCATALOG_COMPILER_APPICON_NAME = AppIcon;
				CODE_SIGN_STYLE = Automatic;
				DEVELOPMENT_TEAM = C66Y3DM74C;
				INFOPLIST_FILE = TheMovieApp/Info.plist;
				LD_RUNPATH_SEARCH_PATHS = (
					"$(inherited)",
					"@executable_path/Frameworks",
				);
				PRODUCT_BUNDLE_IDENTIFIER = com.joshr.TheMovieApp;
				PRODUCT_NAME = "$(TARGET_NAME)";
				SWIFT_VERSION = 5.0;
				TARGETED_DEVICE_FAMILY = "1,2";
			};
			name = Release;
		};
/* End XCBuildConfiguration section */

/* Begin XCConfigurationList section */
		126BA1FD23B87BAF00060108 /* Build configuration list for PBXProject "TheMovieApp" */ = {
			isa = XCConfigurationList;
			buildConfigurations = (
				126BA21423B87BB100060108 /* Debug */,
				126BA21523B87BB100060108 /* Release */,
			);
			defaultConfigurationIsVisible = 0;
			defaultConfigurationName = Release;
		};
		126BA21623B87BB100060108 /* Build configuration list for PBXNativeTarget "TheMovieApp" */ = {
			isa = XCConfigurationList;
			buildConfigurations = (
				126BA21723B87BB100060108 /* Debug */,
				126BA21823B87BB100060108 /* Release */,
			);
			defaultConfigurationIsVisible = 0;
			defaultConfigurationName = Release;
		};
/* End XCConfigurationList section */

/* Begin XCRemoteSwiftPackageReference section */
		12FF0C3C23C3B8C7003C0256 /* XCRemoteSwiftPackageReference "Kingfisher" */ = {
			isa = XCRemoteSwiftPackageReference;
			repositoryURL = "https://github.com/onevcat/Kingfisher.git";
			requirement = {
				kind = upToNextMajorVersion;
				minimumVersion = 5.12.0;
			};
		};
/* End XCRemoteSwiftPackageReference section */

/* Begin XCSwiftPackageProductDependency section */
		12FF0C3D23C3B8C7003C0256 /* Kingfisher */ = {
			isa = XCSwiftPackageProductDependency;
			package = 12FF0C3C23C3B8C7003C0256 /* XCRemoteSwiftPackageReference "Kingfisher" */;
			productName = Kingfisher;
		};
		12FF0C3F23C3B8C7003C0256 /* KingfisherSwiftUI */ = {
			isa = XCSwiftPackageProductDependency;
			package = 12FF0C3C23C3B8C7003C0256 /* XCRemoteSwiftPackageReference "Kingfisher" */;
			productName = KingfisherSwiftUI;
		};
/* End XCSwiftPackageProductDependency section */
	};
	rootObject = 126BA1FA23B87BAF00060108 /* Project object */;
}
